%{
  "certifi": {:hex, :certifi, "2.12.0", "2d1cca2ec95f59643862af91f001478c9863c2ac9cb6e2f89780bfd8de987329", [:rebar3], [], "hexpm", "ee68d85df22e554040cdb4be100f33873ac6051387baf6a8f6ce82272340ff1c"},
  "dialyxir": {:hex, :dialyxir, "1.4.5", "ca1571ac18e0f88d4ab245f0b60fa31ff1b12cbae2b11bd25d207f865e8ae78a", [:mix], [{:erlex, ">= 0.2.7", [hex: :erlex, repo: "hexpm", optional: false]}], "hexpm", "b0fb08bb8107c750db5c0b324fa2df5ceaa0f9307690ee3c1f6ba5b9eb5d35c3"},
  "earmark_parser": {:hex, :earmark_parser, "1.4.42", "f23d856f41919f17cd06a493923a722d87a2d684f143a1e663c04a2b93100682", [:mix], [], "hexpm", "6915b6ca369b5f7346636a2f41c6a6d78b5af419d61a611079189233358b8b8b"},
  "erlex": {:hex, :erlex, "0.2.7", "810e8725f96ab74d17aac676e748627a07bc87eb950d2b83acd29dc047a30595", [:mix], [], "hexpm", "3ed95f79d1a844c3f6bf0cea61e0d5612a42ce56da9c03f01df538685365efb0"},
  "ex_doc": {:hex, :ex_doc, "0.36.1", "4197d034f93e0b89ec79fac56e226107824adcce8d2dd0a26f5ed3a95efc36b1", [:mix], [{:earmark_parser, "~> 1.4.42", [hex: :earmark_parser, repo: "hexpm", optional: false]}, {:makeup_c, ">= 0.1.0", [hex: :makeup_c, repo: "hexpm", optional: true]}, {:makeup_elixir, "~> 0.14 or ~> 1.0", [hex: :makeup_elixir, repo: "hexpm", optional: false]}, {:makeup_erlang, "~> 0.1 or ~> 1.0", [hex: :makeup_erlang, repo: "hexpm", optional: false]}, {:makeup_html, ">= 0.1.0", [hex: :makeup_html, repo: "hexpm", optional: true]}], "hexpm", "d7d26a7cf965dacadcd48f9fa7b5953d7d0cfa3b44fa7a65514427da44eafd89"},
  "file_only_logger": {:hex, :file_only_logger, "0.2.28", "6029adcfaace292ef140ebbc8d158c1c3f35ccab18ee588de77cc8b7cff1c9bb", [:mix], [{:persist_config, "~> 0.4", [hex: :persist_config, repo: "hexpm", optional: false]}], "hexpm", "c0a91599ba5195a67dc9678ac032b92ab8b0fed07e09b75c80b728f65b17c88a"},
  "hackney": {:hex, :hackney, "1.20.1", "8d97aec62ddddd757d128bfd1df6c5861093419f8f7a4223823537bad5d064e2", [:rebar3], [{:certifi, "~> 2.12.0", [hex: :certifi, repo: "hexpm", optional: false]}, {:idna, "~> 6.1.0", [hex: :idna, repo: "hexpm", optional: false]}, {:metrics, "~> 1.0.0", [hex: :metrics, repo: "hexpm", optional: false]}, {:mimerl, "~> 1.1", [hex: :mimerl, repo: "hexpm", optional: false]}, {:parse_trans, "3.4.1", [hex: :parse_trans, repo: "hexpm", optional: false]}, {:ssl_verify_fun, "~> 1.1.0", [hex: :ssl_verify_fun, repo: "hexpm", optional: false]}, {:unicode_util_compat, "~> 0.7.0", [hex: :unicode_util_compat, repo: "hexpm", optional: false]}], "hexpm", "fe9094e5f1a2a2c0a7d10918fee36bfec0ec2a979994cff8cfe8058cd9af38e3"},
  "httpoison": {:hex, :httpoison, "2.2.1", "87b7ed6d95db0389f7df02779644171d7319d319178f6680438167d7b69b1f3d", [:mix], [{:hackney, "~> 1.17", [hex: :hackney, repo: "hexpm", optional: false]}], "hexpm", "51364e6d2f429d80e14fe4b5f8e39719cacd03eb3f9a9286e61e216feac2d2df"},
  "idna": {:hex, :idna, "6.1.1", "8a63070e9f7d0c62eb9d9fcb360a7de382448200fbbd1b106cc96d3d8099df8d", [:rebar3], [{:unicode_util_compat, "~> 0.7.0", [hex: :unicode_util_compat, repo: "hexpm", optional: false]}], "hexpm", "92376eb7894412ed19ac475e4a86f7b413c1b9fbb5bd16dccd57934157944cea"},
  "io_ansi_plus": {:hex, :io_ansi_plus, "0.1.61", "bbc4eb6fb43a9594ad17c69ed03d97127d6b71e5ef61f1866c82a505bcb9834f", [:mix], [{:persist_config, "~> 0.4", [hex: :persist_config, repo: "hexpm", optional: false]}], "hexpm", "969d48435a726721f86444c8b1b2e2027c920f4753d7a5eca93f2ef1dd23003b"},
  "io_ansi_table": {:hex, :io_ansi_table, "1.0.34", "824496a18a979a6d41d7b114a60b5e775dc82882e45ff48afdee6624ea40feab", [:mix], [{:file_only_logger, "~> 0.2", [hex: :file_only_logger, repo: "hexpm", optional: false]}, {:io_ansi_plus, "~> 0.1", [hex: :io_ansi_plus, repo: "hexpm", optional: false]}, {:log_reset, "~> 0.1", [hex: :log_reset, repo: "hexpm", optional: false]}, {:map_sorter, "~> 0.2", [hex: :map_sorter, repo: "hexpm", optional: false]}, {:persist_config, "~> 0.4", [hex: :persist_config, repo: "hexpm", optional: false]}], "hexpm", "b8e2ebbbbbd8b5a339022422fe88a4fd8612edc3be4b1e854601f51b7ffddcfd"},
  "log_reset": {:hex, :log_reset, "0.1.60", "e0f4cb5211ee56942ced761af504ce3a060c3cadc3dc27932e6db9e267df209c", [:mix], [{:file_only_logger, "~> 0.2", [hex: :file_only_logger, repo: "hexpm", optional: false]}, {:persist_config, "~> 0.4", [hex: :persist_config, repo: "hexpm", optional: false]}], "hexpm", "e83dba65b7cb074ac0c6dce0d0f3eccf2d32871eaa36ded3356a39edf5163ed9"},
  "makeup": {:hex, :makeup, "1.2.1", "e90ac1c65589ef354378def3ba19d401e739ee7ee06fb47f94c687016e3713d1", [:mix], [{:nimble_parsec, "~> 1.4", [hex: :nimble_parsec, repo: "hexpm", optional: false]}], "hexpm", "d36484867b0bae0fea568d10131197a4c2e47056a6fbe84922bf6ba71c8d17ce"},
  "makeup_elixir": {:hex, :makeup_elixir, "1.0.1", "e928a4f984e795e41e3abd27bfc09f51db16ab8ba1aebdba2b3a575437efafc2", [:mix], [{:makeup, "~> 1.0", [hex: :makeup, repo: "hexpm", optional: false]}, {:nimble_parsec, "~> 1.2.3 or ~> 1.3", [hex: :nimble_parsec, repo: "hexpm", optional: false]}], "hexpm", "7284900d412a3e5cfd97fdaed4f5ed389b8f2b4cb49efc0eb3bd10e2febf9507"},
  "makeup_erlang": {:hex, :makeup_erlang, "1.0.1", "c7f58c120b2b5aa5fd80d540a89fdf866ed42f1f3994e4fe189abebeab610839", [:mix], [{:makeup, "~> 1.0", [hex: :makeup, repo: "hexpm", optional: false]}], "hexpm", "8a89a1eeccc2d798d6ea15496a6e4870b75e014d1af514b1b71fa33134f57814"},
  "map_sorter": {:hex, :map_sorter, "0.2.66", "a5b550a35e2145eb068f86340965960ca94b6d2cdd288ec75c7afcde2ada4711", [:mix], [{:file_only_logger, "~> 0.2", [hex: :file_only_logger, repo: "hexpm", optional: false]}, {:log_reset, "~> 0.1", [hex: :log_reset, repo: "hexpm", optional: false]}, {:persist_config, "~> 0.4", [hex: :persist_config, repo: "hexpm", optional: false]}], "hexpm", "f83ef4fb4e397d0fa484176a6b1eae73fc85bad5f2d5587a3b3e8d4a2578dbec"},
  "metrics": {:hex, :metrics, "1.0.1", "25f094dea2cda98213cecc3aeff09e940299d950904393b2a29d191c346a8486", [:rebar3], [], "hexpm", "69b09adddc4f74a40716ae54d140f93beb0fb8978d8636eaded0c31b6f099f16"},
  "mimerl": {:hex, :mimerl, "1.3.0", "d0cd9fc04b9061f82490f6581e0128379830e78535e017f7780f37fea7545726", [:rebar3], [], "hexpm", "a1e15a50d1887217de95f0b9b0793e32853f7c258a5cd227650889b38839fe9d"},
  "nimble_parsec": {:hex, :nimble_parsec, "1.4.0", "51f9b613ea62cfa97b25ccc2c1b4216e81df970acd8e16e8d1bdc58fef21370d", [:mix], [], "hexpm", "9c565862810fb383e9838c1dd2d7d2c437b3d13b267414ba6af33e50d2d1cf28"},
  "parse_trans": {:hex, :parse_trans, "3.4.1", "6e6aa8167cb44cc8f39441d05193be6e6f4e7c2946cb2759f015f8c56b76e5ff", [:rebar3], [], "hexpm", "620a406ce75dada827b82e453c19cf06776be266f5a67cff34e1ef2cbb60e49a"},
  "persist_config": {:hex, :persist_config, "0.4.34", "27c6ec30ce0a2c1e5464bc6ce0225eb38d018309c9984eecfdb34b5e5a81ba4b", [:mix], [], "hexpm", "56c776c1057d04bd54c6b93b94d44d56e1f93ec744c82640cb64bbb4fa0f89d1"},
  "ssl_verify_fun": {:hex, :ssl_verify_fun, "1.1.7", "354c321cf377240c7b8716899e182ce4890c5938111a1296add3ec74cf1715df", [:make, :mix, :rebar3], [], "hexpm", "fe4c190e8f37401d30167c8c405eda19469f34577987c76dde613e838bbc67f8"},
  "unicode_util_compat": {:hex, :unicode_util_compat, "0.7.0", "bc84380c9ab48177092f43ac89e4dfa2c6d62b40b8bd132b1059ecc7232f9a78", [:rebar3], [], "hexpm", "25eee6d67df61960cf6a794239566599b09e17e668d3700247bc498638152521"},
}
